// !$*UTF8*$!
{
	archiveVersion = 1;
	classes = {
	};
	objectVersion = 77;
	objects = {

/* Begin PBXBuildFile section */
		E727DD512ECE1F5900DA9198 /* Auth in Frameworks */ = {isa = PBXBuildFile; productRef = E727DD502ECE1F5900DA9198 /* Auth */; };
		E727DD532ECE1F5900DA9198 /* PostgREST in Frameworks */ = {isa = PBXBuildFile; productRef = E727DD522ECE1F5900DA9198 /* PostgREST */; };
		E727DD552ECE1F5900DA9198 /* Realtime in Frameworks */ = {isa = PBXBuildFile; productRef = E727DD542ECE1F5900DA9198 /* Realtime */; };
		E727DD572ECE1F5900DA9198 /* Storage in Frameworks */ = {isa = PBXBuildFile; productRef = E727DD562ECE1F5900DA9198 /* Storage */; };
		E727DD592ECE1F5900DA9198 /* Supabase in Frameworks */ = {isa = PBXBuildFile; productRef = E727DD582ECE1F5900DA9198 /* Supabase */; };
/* End PBXBuildFile section */

/* Begin PBXContainerItemProxy section */
		E73DCD272DDFB8FB00FE60A7 /* PBXContainerItemProxy */ = {
			isa = PBXContainerItemProxy;
			containerPortal = E73DCD112DDFB8F900FE60A7 /* Project object */;
			proxyType = 1;
			remoteGlobalIDString = E73DCD182DDFB8F900FE60A7;
			remoteInfo = JacobsRanchApp;
		};
		E73DCD312DDFB8FB00FE60A7 /* PBXContainerItemProxy */ = {
			isa = PBXContainerItemProxy;
			containerPortal = E73DCD112DDFB8F900FE60A7 /* Project object */;
			proxyType = 1;
			remoteGlobalIDString = E73DCD182DDFB8F900FE60A7;
			remoteInfo = JacobsRanchApp;
		};
/* End PBXContainerItemProxy section */

/* Begin PBXFileReference section */
		E73DCD192DDFB8F900FE60A7 /* Jacob's Ranch.app */ = {isa = PBXFileReference; explicitFileType = wrapper.application; includeInIndex = 0; path = "Jacob's Ranch.app"; sourceTree = BUILT_PRODUCTS_DIR; };
		E73DCD262DDFB8FB00FE60A7 /* JacobsRanchAppTests.xctest */ = {isa = PBXFileReference; explicitFileType = wrapper.cfbundle; includeInIndex = 0; path = JacobsRanchAppTests.xctest; sourceTree = BUILT_PRODUCTS_DIR; };
		E73DCD302DDFB8FB00FE60A7 /* JacobsRanchAppUITests.xctest */ = {isa = PBXFileReference; explicitFileType = wrapper.cfbundle; includeInIndex = 0; path = JacobsRanchAppUITests.xctest; sourceTree = BUILT_PRODUCTS_DIR; };
/* End PBXFileReference section */

/* Begin PBXFileSystemSynchronizedRootGroup section */
		E73DCD1B2DDFB8F900FE60A7 /* JacobsRanchApp */ = {
			isa = PBXFileSystemSynchronizedRootGroup;
			path = JacobsRanchApp;
			sourceTree = "<group>";
		};
		E73DCD292DDFB8FB00FE60A7 /* JacobsRanchAppTests */ = {
			isa = PBXFileSystemSynchronizedRootGroup;
			path = JacobsRanchAppTests;
			sourceTree = "<group>";
		};
		E73DCD332DDFB8FB00FE60A7 /* JacobsRanchAppUITests */ = {
			isa = PBXFileSystemSynchronizedRootGroup;
			path = JacobsRanchAppUITests;
			sourceTree = "<group>";
		};
/* End PBXFileSystemSynchronizedRootGroup section */

/* Begin PBXFrameworksBuildPhase section */
		E73DCD162DDFB8F900FE60A7 /* Frameworks */ = {
			isa = PBXFrameworksBuildPhase;
			buildActionMask = 2147483647;
			files = (
				E727DD592ECE1F5900DA9198 /* Supabase in Frameworks */,
				E727DD572ECE1F5900DA9198 /* Storage in Frameworks */,
				E727DD552ECE1F5900DA9198 /* Realtime in Frameworks */,
				E727DD532ECE1F5900DA9198 /* PostgREST in Frameworks */,
				E727DD512ECE1F5900DA9198 /* Auth in Frameworks */,
			);
			runOnlyForDeploymentPostprocessing = 0;
		};
		E73DCD232DDFB8FB00FE60A7 /* Frameworks */ = {
			isa = PBXFrameworksBuildPhase;
			buildActionMask = 2147483647;
			files = (
			);
			runOnlyForDeploymentPostprocessing = 0;
		};
		E73DCD2D2DDFB8FB00FE60A7 /* Frameworks */ = {
			isa = PBXFrameworksBuildPhase;
			buildActionMask = 2147483647;
			files = (
			);
			runOnlyForDeploymentPostprocessing = 0;
		};
/* End PBXFrameworksBuildPhase section */

/* Begin PBXGroup section */
		E73DCD102DDFB8F900FE60A7 = {
			isa = PBXGroup;
			children = (
				E73DCD1B2DDFB8F900FE60A7 /* JacobsRanchApp */,
				E73DCD292DDFB8FB00FE60A7 /* JacobsRanchAppTests */,
				E73DCD332DDFB8FB00FE60A7 /* JacobsRanchAppUITests */,
				E73DCD1A2DDFB8F900FE60A7 /* Products */,
			);
			sourceTree = "<group>";
		};
		E73DCD1A2DDFB8F900FE60A7 /* Products */ = {
			isa = PBXGroup;
			children = (
				E73DCD192DDFB8F900FE60A7 /* Jacob's Ranch.app */,
				E73DCD262DDFB8FB00FE60A7 /* JacobsRanchAppTests.xctest */,
				E73DCD302DDFB8FB00FE60A7 /* JacobsRanchAppUITests.xctest */,
			);
			name = Products;
			sourceTree = "<group>";
		};
/* End PBXGroup section */

/* Begin PBXNativeTarget section */
		E73DCD182DDFB8F900FE60A7 /* Jacob's Ranch */ = {
			isa = PBXNativeTarget;
			buildConfigurationList = E73DCD3A2DDFB8FB00FE60A7 /* Build configuration list for PBXNativeTarget "Jacob's Ranch" */;
			buildPhases = (
				E73DCD152DDFB8F900FE60A7 /* Sources */,
				E73DCD162DDFB8F900FE60A7 /* Frameworks */,
				E73DCD172DDFB8F900FE60A7 /* Resources */,
			);
			buildRules = (
			);
			dependencies = (
			);
			fileSystemSynchronizedGroups = (
				E73DCD1B2DDFB8F900FE60A7 /* JacobsRanchApp */,
			);
			name = "Jacob's Ranch";
			packageProductDependencies = (
				E727DD502ECE1F5900DA9198 /* Auth */,
				E727DD522ECE1F5900DA9198 /* PostgREST */,
				E727DD542ECE1F5900DA9198 /* Realtime */,
				E727DD562ECE1F5900DA9198 /* Storage */,
				E727DD582ECE1F5900DA9198 /* Supabase */,
			);
			productName = JacobsRanchApp;
			productReference = E73DCD192DDFB8F900FE60A7 /* Jacob's Ranch.app */;
			productType = "com.apple.product-type.application";
		};
		E73DCD252DDFB8FB00FE60A7 /* JacobsRanchAppTests */ = {
			isa = PBXNativeTarget;
			buildConfigurationList = E73DCD3D2DDFB8FB00FE60A7 /* Build configuration list for PBXNativeTarget "JacobsRanchAppTests" */;
			buildPhases = (
				E73DCD222DDFB8FB00FE60A7 /* Sources */,
				E73DCD232DDFB8FB00FE60A7 /* Frameworks */,
				E73DCD242DDFB8FB00FE60A7 /* Resources */,
			);
			buildRules = (
			);
			dependencies = (
				E73DCD282DDFB8FB00FE60A7 /* PBXTargetDependency */,
			);
			fileSystemSynchronizedGroups = (
				E73DCD292DDFB8FB00FE60A7 /* JacobsRanchAppTests */,
			);
			name = JacobsRanchAppTests;
			packageProductDependencies = (
			);
			productName = JacobsRanchAppTests;
			productReference = E73DCD262DDFB8FB00FE60A7 /* JacobsRanchAppTests.xctest */;
			productType = "com.apple.product-type.bundle.unit-test";
		};
		E73DCD2F2DDFB8FB00FE60A7 /* JacobsRanchAppUITests */ = {
			isa = PBXNativeTarget;
			buildConfigurationList = E73DCD402DDFB8FB00FE60A7 /* Build configuration list for PBXNativeTarget "JacobsRanchAppUITests" */;
			buildPhases = (
				E73DCD2C2DDFB8FB00FE60A7 /* Sources */,
				E73DCD2D2DDFB8FB00FE60A7 /* Frameworks */,
				E73DCD2E2DDFB8FB00FE60A7 /* Resources */,
			);
			buildRules = (
			);
			dependencies = (
				E73DCD322DDFB8FB00FE60A7 /* PBXTargetDependency */,
			);
			fileSystemSynchronizedGroups = (
				E73DCD332DDFB8FB00FE60A7 /* JacobsRanchAppUITests */,
			);
			name = JacobsRanchAppUITests;
			packageProductDependencies = (
			);
			productName = JacobsRanchAppUITests;
			productReference = E73DCD302DDFB8FB00FE60A7 /* JacobsRanchAppUITests.xctest */;
			productType = "com.apple.product-type.bundle.ui-testing";
		};
/* End PBXNativeTarget section */

/* Begin PBXProject section */
		E73DCD112DDFB8F900FE60A7 /* Project object */ = {
			isa = PBXProject;
			attributes = {
				BuildIndependentTargetsInParallel = 1;
				LastSwiftUpdateCheck = 1630;
				LastUpgradeCheck = 2600;
				TargetAttributes = {
					E73DCD182DDFB8F900FE60A7 = {
						CreatedOnToolsVersion = 16.3;
					};
					E73DCD252DDFB8FB00FE60A7 = {
						CreatedOnToolsVersion = 16.3;
						TestTargetID = E73DCD182DDFB8F900FE60A7;
					};
					E73DCD2F2DDFB8FB00FE60A7 = {
						CreatedOnToolsVersion = 16.3;
						TestTargetID = E73DCD182DDFB8F900FE60A7;
					};
				};
			};
			buildConfigurationList = E73DCD142DDFB8F900FE60A7 /* Build configuration list for PBXProject "JacobsRanchApp" */;
			developmentRegion = en;
			hasScannedForEncodings = 0;
			knownRegions = (
				en,
				Base,
			);
			mainGroup = E73DCD102DDFB8F900FE60A7;
			minimizedProjectReferenceProxies = 1;
			packageReferences = (
				E727DD4F2ECE1F5900DA9198 /* XCRemoteSwiftPackageReference "supabase-swift" */,
			);
			preferredProjectObjectVersion = 77;
			productRefGroup = E73DCD1A2DDFB8F900FE60A7 /* Products */;
			projectDirPath = "";
			projectRoot = "";
			targets = (
				E73DCD182DDFB8F900FE60A7 /* Jacob's Ranch */,
				E73DCD252DDFB8FB00FE60A7 /* JacobsRanchAppTests */,
				E73DCD2F2DDFB8FB00FE60A7 /* JacobsRanchAppUITests */,
			);
		};
/* End PBXProject section */

/* Begin PBXResourcesBuildPhase section */
		E73DCD172DDFB8F900FE60A7 /* Resources */ = {
			isa = PBXResourcesBuildPhase;
			buildActionMask = 2147483647;
			files = (
			);
			runOnlyForDeploymentPostprocessing = 0;
		};
		E73DCD242DDFB8FB00FE60A7 /* Resources */ = {
			isa = PBXResourcesBuildPhase;
			buildActionMask = 2147483647;
			files = (
			);
			runOnlyForDeploymentPostprocessing = 0;
		};
		E73DCD2E2DDFB8FB00FE60A7 /* Resources */ = {
			isa = PBXResourcesBuildPhase;
			buildActionMask = 2147483647;
			files = (
			);
			runOnlyForDeploymentPostprocessing = 0;
		};
/* End PBXResourcesBuildPhase section */

/* Begin PBXSourcesBuildPhase section */
		E73DCD152DDFB8F900FE60A7 /* Sources */ = {
			isa = PBXSourcesBuildPhase;
			buildActionMask = 2147483647;
			files = (
			);
			runOnlyForDeploymentPostprocessing = 0;
		};
		E73DCD222DDFB8FB00FE60A7 /* Sources */ = {
			isa = PBXSourcesBuildPhase;
			buildActionMask = 2147483647;
			files = (
			);
			runOnlyForDeploymentPostprocessing = 0;
		};
		E73DCD2C2DDFB8FB00FE60A7 /* Sources */ = {
			isa = PBXSourcesBuildPhase;
			buildActionMask = 2147483647;
			files = (
			);
			runOnlyForDeploymentPostprocessing = 0;
		};
/* End PBXSourcesBuildPhase section */

/* Begin PBXTargetDependency section */
		E73DCD282DDFB8FB00FE60A7 /* PBXTargetDependency */ = {
			isa = PBXTargetDependency;
			target = E73DCD182DDFB8F900FE60A7 /* Jacob's Ranch */;
			targetProxy = E73DCD272DDFB8FB00FE60A7 /* PBXContainerItemProxy */;
		};
		E73DCD322DDFB8FB00FE60A7 /* PBXTargetDependency */ = {
			isa = PBXTargetDependency;
			target = E73DCD182DDFB8F900FE60A7 /* Jacob's Ranch */;
			targetProxy = E73DCD312DDFB8FB00FE60A7 /* PBXContainerItemProxy */;
		};
/* End PBXTargetDependency section */

/* Begin XCBuildConfiguration section */
		E73DCD382DDFB8FB00FE60A7 /* Debug */ = {
			isa = XCBuildConfiguration;
			buildSettings = {
				ALWAYS_SEARCH_USER_PATHS = NO;
				ASSETCATALOG_COMPILER_GENERATE_SWIFT_ASSET_SYMBOL_EXTENSIONS = YES;
				CLANG_ANALYZER_NONNULL = YES;
				CLANG_ANALYZER_NUMBER_OBJECT_CONVERSION = YES_AGGRESSIVE;
				CLANG_CXX_LANGUAGE_STANDARD = "gnu++20";
				CLANG_ENABLE_MODULES = YES;
				CLANG_ENABLE_OBJC_ARC = YES;
				CLANG_ENABLE_OBJC_WEAK = YES;
				CLANG_WARN_BLOCK_CAPTURE_AUTORELEASING = YES;
				CLANG_WARN_BOOL_CONVERSION = YES;
				CLANG_WARN_COMMA = YES;
				CLANG_WARN_CONSTANT_CONVERSION = YES;
				CLANG_WARN_DEPRECATED_OBJC_IMPLEMENTATIONS = YES;
				CLANG_WARN_DIRECT_OBJC_ISA_USAGE = YES_ERROR;
				CLANG_WARN_DOCUMENTATION_COMMENTS = YES;
				CLANG_WARN_EMPTY_BODY = YES;
				CLANG_WARN_ENUM_CONVERSION = YES;
				CLANG_WARN_INFINITE_RECURSION = YES;
				CLANG_WARN_INT_CONVERSION = YES;
				CLANG_WARN_NON_LITERAL_NULL_CONVERSION = YES;
				CLANG_WARN_OBJC_IMPLICIT_RETAIN_SELF = YES;
				CLANG_WARN_OBJC_LITERAL_CONVERSION = YES;
				CLANG_WARN_OBJC_ROOT_CLASS = YES_ERROR;
				CLANG_WARN_QUOTED_INCLUDE_IN_FRAMEWORK_HEADER = YES;
				CLANG_WARN_RANGE_LOOP_ANALYSIS = YES;
				CLANG_WARN_STRICT_PROTOTYPES = YES;
				CLANG_WARN_SUSPICIOUS_MOVE = YES;
				CLANG_WARN_UNGUARDED_AVAILABILITY = YES_AGGRESSIVE;
				CLANG_WARN_UNREACHABLE_CODE = YES;
				CLANG_WARN__DUPLICATE_METHOD_MATCH = YES;
				COPY_PHASE_STRIP = NO;
				DEBUG_INFORMATION_FORMAT = dwarf;
				ENABLE_STRICT_OBJC_MSGSEND = YES;
				ENABLE_TESTABILITY = YES;
				ENABLE_USER_SCRIPT_SANDBOXING = YES;
				GCC_C_LANGUAGE_STANDARD = gnu17;
				GCC_DYNAMIC_NO_PIC = NO;
				GCC_NO_COMMON_BLOCKS = YES;
				GCC_OPTIMIZATION_LEVEL = 0;
				GCC_PREPROCESSOR_DEFINITIONS = (
					"DEBUG=1",
					"$(inherited)",
				);
				GCC_WARN_64_TO_32_BIT_CONVERSION = YES;
				GCC_WARN_ABOUT_RETURN_TYPE = YES_ERROR;
				GCC_WARN_UNDECLARED_SELECTOR = YES;
				GCC_WARN_UNINITIALIZED_AUTOS = YES_AGGRESSIVE;
				GCC_WARN_UNUSED_FUNCTION = YES;
				GCC_WARN_UNUSED_VARIABLE = YES;
				IPHONEOS_DEPLOYMENT_TARGET = 18.4;
				LOCALIZATION_PREFERS_STRING_CATALOGS = YES;
				MTL_ENABLE_DEBUG_INFO = INCLUDE_SOURCE;
				MTL_FAST_MATH = YES;
				ONLY_ACTIVE_ARCH = YES;
				SDKROOT = iphoneos;
				STRING_CATALOG_GENERATE_SYMBOLS = YES;
				SWIFT_ACTIVE_COMPILATION_CONDITIONS = "DEBUG $(inherited)";
				SWIFT_OPTIMIZATION_LEVEL = "-Onone";
			};
			name = Debug;
		};
		E73DCD392DDFB8FB00FE60A7 /* Release */ = {
			isa = XCBuildConfiguration;
			buildSettings = {
				ALWAYS_SEARCH_USER_PATHS = NO;
				ASSETCATALOG_COMPILER_GENERATE_SWIFT_ASSET_SYMBOL_EXTENSIONS = YES;
				CLANG_ANALYZER_NONNULL = YES;
				CLANG_ANALYZER_NUMBER_OBJECT_CONVERSION = YES_AGGRESSIVE;
				CLANG_CXX_LANGUAGE_STANDARD = "gnu++20";
				CLANG_ENABLE_MODULES = YES;
				CLANG_ENABLE_OBJC_ARC = YES;
				CLANG_ENABLE_OBJC_WEAK = YES;
				CLANG_WARN_BLOCK_CAPTURE_AUTORELEASING = YES;
				CLANG_WARN_BOOL_CONVERSION = YES;
				CLANG_WARN_COMMA = YES;
				CLANG_WARN_CONSTANT_CONVERSION = YES;
				CLANG_WARN_DEPRECATED_OBJC_IMPLEMENTATIONS = YES;
				CLANG_WARN_DIRECT_OBJC_ISA_USAGE = YES_ERROR;
				CLANG_WARN_DOCUMENTATION_COMMENTS = YES;
				CLANG_WARN_EMPTY_BODY = YES;
				CLANG_WARN_ENUM_CONVERSION = YES;
				CLANG_WARN_INFINITE_RECURSION = YES;
				CLANG_WARN_INT_CONVERSION = YES;
				CLANG_WARN_NON_LITERAL_NULL_CONVERSION = YES;
				CLANG_WARN_OBJC_IMPLICIT_RETAIN_SELF = YES;
				CLANG_WARN_OBJC_LITERAL_CONVERSION = YES;
				CLANG_WARN_OBJC_ROOT_CLASS = YES_ERROR;
				CLANG_WARN_QUOTED_INCLUDE_IN_FRAMEWORK_HEADER = YES;
				CLANG_WARN_RANGE_LOOP_ANALYSIS = YES;
				CLANG_WARN_STRICT_PROTOTYPES = YES;
				CLANG_WARN_SUSPICIOUS_MOVE = YES;
				CLANG_WARN_UNGUARDED_AVAILABILITY = YES_AGGRESSIVE;
				CLANG_WARN_UNREACHABLE_CODE = YES;
				CLANG_WARN__DUPLICATE_METHOD_MATCH = YES;
				COPY_PHASE_STRIP = NO;
				DEBUG_INFORMATION_FORMAT = "dwarf-with-dsym";
				ENABLE_NS_ASSERTIONS = NO;
				ENABLE_STRICT_OBJC_MSGSEND = YES;
				ENABLE_USER_SCRIPT_SANDBOXING = YES;
				GCC_C_LANGUAGE_STANDARD = gnu17;
				GCC_NO_COMMON_BLOCKS = YES;
				GCC_WARN_64_TO_32_BIT_CONVERSION = YES;
				GCC_WARN_ABOUT_RETURN_TYPE = YES_ERROR;
				GCC_WARN_UNDECLARED_SELECTOR = YES;
				GCC_WARN_UNINITIALIZED_AUTOS = YES_AGGRESSIVE;
				GCC_WARN_UNUSED_FUNCTION = YES;
				GCC_WARN_UNUSED_VARIABLE = YES;
				IPHONEOS_DEPLOYMENT_TARGET = 18.4;
				LOCALIZATION_PREFERS_STRING_CATALOGS = YES;
				MTL_ENABLE_DEBUG_INFO = NO;
				MTL_FAST_MATH = YES;
				SDKROOT = iphoneos;
				STRING_CATALOG_GENERATE_SYMBOLS = YES;
				SWIFT_COMPILATION_MODE = wholemodule;
				VALIDATE_PRODUCT = YES;
			};
			name = Release;
		};
		E73DCD3B2DDFB8FB00FE60A7 /* Debug */ = {
			isa = XCBuildConfiguration;
			buildSettings = {
				ASSETCATALOG_COMPILER_APPICON_NAME = AppIcon;
				ASSETCATALOG_COMPILER_GLOBAL_ACCENT_COLOR_NAME = AccentColor;
				CODE_SIGN_STYLE = Automatic;
				CURRENT_PROJECT_VERSION = 1;
				DEVELOPMENT_TEAM = BW5A77737M;
				ENABLE_PREVIEWS = YES;
				GENERATE_INFOPLIST_FILE = YES;
				INFOPLIST_KEY_UIApplicationSceneManifest_Generation = YES;
				INFOPLIST_KEY_UIApplicationSupportsIndirectInputEvents = YES;
				INFOPLIST_KEY_UILaunchScreen_Generation = YES;
				INFOPLIST_KEY_UISupportedInterfaceOrientations_iPad = "UIInterfaceOrientationPortrait UIInterfaceOrientationPortraitUpsideDown UIInterfaceOrientationLandscapeLeft UIInterfaceOrientationLandscapeRight";
				INFOPLIST_KEY_UISupportedInterfaceOrientations_iPhone = "UIInterfaceOrientationPortrait UIInterfaceOrientationLandscapeLeft UIInterfaceOrientationLandscapeRight";
				LD_RUNPATH_SEARCH_PATHS = (
					"$(inherited)",
					"@executable_path/Frameworks",
				);
				MARKETING_VERSION = 1.0;
				PRODUCT_BUNDLE_IDENTIFIER = com.jacobsranchandstables.JacobsRanchApp;
				PRODUCT_NAME = "$(TARGET_NAME)";
				SWIFT_EMIT_LOC_STRINGS = YES;
				SWIFT_VERSION = 5.0;
				TARGETED_DEVICE_FAMILY = "1,2";
			};
			name = Debug;
		};
		E73DCD3C2DDFB8FB00FE60A7 /* Release */ = {
			isa = XCBuildConfiguration;
			buildSettings = {
				ASSETCATALOG_COMPILER_APPICON_NAME = AppIcon;
				ASSETCATALOG_COMPILER_GLOBAL_ACCENT_COLOR_NAME = AccentColor;
				CODE_SIGN_STYLE = Automatic;
				CURRENT_PROJECT_VERSION = 1;
				DEVELOPMENT_TEAM = BW5A77737M;
				ENABLE_PREVIEWS = YES;
				GENERATE_INFOPLIST_FILE = YES;
				INFOPLIST_KEY_UIApplicationSceneManifest_Generation = YES;
				INFOPLIST_KEY_UIApplicationSupportsIndirectInputEvents = YES;
				INFOPLIST_KEY_UILaunchScreen_Generation = YES;
				INFOPLIST_KEY_UISupportedInterfaceOrientations_iPad = "UIInterfaceOrientationPortrait UIInterfaceOrientationPortraitUpsideDown UIInterfaceOrientationLandscapeLeft UIInterfaceOrientationLandscapeRight";
				INFOPLIST_KEY_UISupportedInterfaceOrientations_iPhone = "UIInterfaceOrientationPortrait UIInterfaceOrientationLandscapeLeft UIInterfaceOrientationLandscapeRight";
				LD_RUNPATH_SEARCH_PATHS = (
					"$(inherited)",
					"@executable_path/Frameworks",
				);
				MARKETING_VERSION = 1.0;
				PRODUCT_BUNDLE_IDENTIFIER = com.jacobsranchandstables.JacobsRanchApp;
				PRODUCT_NAME = "$(TARGET_NAME)";
				SWIFT_EMIT_LOC_STRINGS = YES;
				SWIFT_VERSION = 5.0;
				TARGETED_DEVICE_FAMILY = "1,2";
			};
			name = Release;
		};
		E73DCD3E2DDFB8FB00FE60A7 /* Debug */ = {
			isa = XCBuildConfiguration;
			buildSettings = {
				BUNDLE_LOADER = "$(TEST_HOST)";
				CODE_SIGN_STYLE = Automatic;
				CURRENT_PROJECT_VERSION = 1;
				GENERATE_INFOPLIST_FILE = YES;
				IPHONEOS_DEPLOYMENT_TARGET = 18.4;
				MARKETING_VERSION = 1.0;
				PRODUCT_BUNDLE_IDENTIFIER = com.jacobsranchandstables.JacobsRanchAppTests;
				PRODUCT_NAME = "$(TARGET_NAME)";
				SWIFT_EMIT_LOC_STRINGS = NO;
				SWIFT_VERSION = 5.0;
				TARGETED_DEVICE_FAMILY = "1,2";
				TEST_HOST = "$(BUILT_PRODUCTS_DIR)/JacobsRanchApp.app/$(BUNDLE_EXECUTABLE_FOLDER_PATH)/JacobsRanchApp";
			};
			name = Debug;
		};
		E73DCD3F2DDFB8FB00FE60A7 /* Release */ = {
			isa = XCBuildConfiguration;
			buildSettings = {
				BUNDLE_LOADER = "$(TEST_HOST)";
				CODE_SIGN_STYLE = Automatic;
				CURRENT_PROJECT_VERSION = 1;
				GENERATE_INFOPLIST_FILE = YES;
				IPHONEOS_DEPLOYMENT_TARGET = 18.4;
				MARKETING_VERSION = 1.0;
				PRODUCT_BUNDLE_IDENTIFIER = com.jacobsranchandstables.JacobsRanchAppTests;
				PRODUCT_NAME = "$(TARGET_NAME)";
				SWIFT_EMIT_LOC_STRINGS = NO;
				SWIFT_VERSION = 5.0;
				TARGETED_DEVICE_FAMILY = "1,2";
				TEST_HOST = "$(BUILT_PRODUCTS_DIR)/JacobsRanchApp.app/$(BUNDLE_EXECUTABLE_FOLDER_PATH)/JacobsRanchApp";
			};
			name = Release;
		};
		E73DCD412DDFB8FB00FE60A7 /* Debug */ = {
			isa = XCBuildConfiguration;
			buildSettings = {
				CODE_SIGN_STYLE = Automatic;
				CURRENT_PROJECT_VERSION = 1;
				GENERATE_INFOPLIST_FILE = YES;
				MARKETING_VERSION = 1.0;
				PRODUCT_BUNDLE_IDENTIFIER = com.jacobsranchandstables.JacobsRanchAppUITests;
				PRODUCT_NAME = "$(TARGET_NAME)";
				SWIFT_EMIT_LOC_STRINGS = NO;
				SWIFT_VERSION = 5.0;
				TARGETED_DEVICE_FAMILY = "1,2";
				TEST_TARGET_NAME = JacobsRanchApp;
			};
			name = Debug;
		};
		E73DCD422DDFB8FB00FE60A7 /* Release */ = {
			isa = XCBuildConfiguration;
			buildSettings = {
				CODE_SIGN_STYLE = Automatic;
				CURRENT_PROJECT_VERSION = 1;
				GENERATE_INFOPLIST_FILE = YES;
				MARKETING_VERSION = 1.0;
				PRODUCT_BUNDLE_IDENTIFIER = com.jacobsranchandstables.JacobsRanchAppUITests;
				PRODUCT_NAME = "$(TARGET_NAME)";
				SWIFT_EMIT_LOC_STRINGS = NO;
				SWIFT_VERSION = 5.0;
				TARGETED_DEVICE_FAMILY = "1,2";
				TEST_TARGET_NAME = JacobsRanchApp;
			};
			name = Release;
		};
/* End XCBuildConfiguration section */

/* Begin XCConfigurationList section */
		E73DCD142DDFB8F900FE60A7 /* Build configuration list for PBXProject "JacobsRanchApp" */ = {
			isa = XCConfigurationList;
			buildConfigurations = (
				E73DCD382DDFB8FB00FE60A7 /* Debug */,
				E73DCD392DDFB8FB00FE60A7 /* Release */,
			);
			defaultConfigurationIsVisible = 0;
			defaultConfigurationName = Release;
		};
		E73DCD3A2DDFB8FB00FE60A7 /* Build configuration list for PBXNativeTarget "Jacob's Ranch" */ = {
			isa = XCConfigurationList;
			buildConfigurations = (
				E73DCD3B2DDFB8FB00FE60A7 /* Debug */,
				E73DCD3C2DDFB8FB00FE60A7 /* Release */,
			);
			defaultConfigurationIsVisible = 0;
			defaultConfigurationName = Release;
		};
		E73DCD3D2DDFB8FB00FE60A7 /* Build configuration list for PBXNativeTarget "JacobsRanchAppTests" */ = {
			isa = XCConfigurationList;
			buildConfigurations = (
				E73DCD3E2DDFB8FB00FE60A7 /* Debug */,
				E73DCD3F2DDFB8FB00FE60A7 /* Release */,
			);
			defaultConfigurationIsVisible = 0;
			defaultConfigurationName = Release;
		};
		E73DCD402DDFB8FB00FE60A7 /* Build configuration list for PBXNativeTarget "JacobsRanchAppUITests" */ = {
			isa = XCConfigurationList;
			buildConfigurations = (
				E73DCD412DDFB8FB00FE60A7 /* Debug */,
				E73DCD422DDFB8FB00FE60A7 /* Release */,
			);
			defaultConfigurationIsVisible = 0;
			defaultConfigurationName = Release;
		};
/* End XCConfigurationList section */

/* Begin XCRemoteSwiftPackageReference section */
		E727DD4F2ECE1F5900DA9198 /* XCRemoteSwiftPackageReference "supabase-swift" */ = {
			isa = XCRemoteSwiftPackageReference;
			repositoryURL = "https://github.com/supabase-community/supabase-swift";
			requirement = {
				kind = upToNextMajorVersion;
				minimumVersion = 2.5.1;
			};
		};
/* End XCRemoteSwiftPackageReference section */

/* Begin XCSwiftPackageProductDependency section */
		E727DD502ECE1F5900DA9198 /* Auth */ = {
			isa = XCSwiftPackageProductDependency;
			package = E727DD4F2ECE1F5900DA9198 /* XCRemoteSwiftPackageReference "supabase-swift" */;
			productName = Auth;
		};
		E727DD522ECE1F5900DA9198 /* PostgREST */ = {
			isa = XCSwiftPackageProductDependency;
			package = E727DD4F2ECE1F5900DA9198 /* XCRemoteSwiftPackageReference "supabase-swift" */;
			productName = PostgREST;
		};
		E727DD542ECE1F5900DA9198 /* Realtime */ = {
			isa = XCSwiftPackageProductDependency;
			package = E727DD4F2ECE1F5900DA9198 /* XCRemoteSwiftPackageReference "supabase-swift" */;
			productName = Realtime;
		};
		E727DD562ECE1F5900DA9198 /* Storage */ = {
			isa = XCSwiftPackageProductDependency;
			package = E727DD4F2ECE1F5900DA9198 /* XCRemoteSwiftPackageReference "supabase-swift" */;
			productName = Storage;
		};
		E727DD582ECE1F5900DA9198 /* Supabase */ = {
			isa = XCSwiftPackageProductDependency;
			package = E727DD4F2ECE1F5900DA9198 /* XCRemoteSwiftPackageReference "supabase-swift" */;
			productName = Supabase;
		};
/* End XCSwiftPackageProductDependency section */
	};
	rootObject = E73DCD112DDFB8F900FE60A7 /* Project object */;
}
